
Microsoft Visual Studio Solution File, Format Version 12.00
# Visual Studio 14
VisualStudioVersion = 14.0.25420.1
MinimumVisualStudioVersion = 10.0.40219.1
Project("{2150E333-8FDC-42A3-9474-1A3956D46DE8}") = "src", "src", "{5055AF87-1D1F-4C0F-9379-E9099246B009}"
EndProject
Project("{2150E333-8FDC-42A3-9474-1A3956D46DE8}") = "Solution Items", "Solution Items", "{E06DB61D-52A4-4DB4-B2EC-CA2D3FE6A18D}"
	ProjectSection(SolutionItems) = preProject
		global.json = global.json
	EndProjectSection
EndProject
Project("{8BB2217D-0F2D-49D1-97BC-3654ED321F3B}") = "Lax.Common", "src\Lax.Common\Lax.Common.xproj", "{70B25DCA-5584-49F7-BBD6-7ACE2FE76A93}"
EndProject
Global
	GlobalSection(SolutionConfigurationPlatforms) = preSolution
		Debug|Any CPU = Debug|Any CPU
		Release|Any CPU = Release|Any CPU
	EndGlobalSection
	GlobalSection(ProjectConfigurationPlatforms) = postSolution
		{70B25DCA-5584-49F7-BBD6-7ACE2FE76A93}.Debug|Any CPU.ActiveCfg = Debug|Any CPU
		{70B25DCA-5584-49F7-BBD6-7ACE2FE76A93}.Debug|Any CPU.Build.0 = Debug|Any CPU
		{70B25DCA-5584-49F7-BBD6-7ACE2FE76A93}.Release|Any CPU.ActiveCfg = Release|Any CPU
		{70B25DCA-5584-49F7-BBD6-7ACE2FE76A93}.Release|Any CPU.Build.0 = Release|Any CPU
	EndGlobalSection
	GlobalSection(SolutionProperties) = preSolution
		HideSolutionNode = FALSE
	EndGlobalSection
	GlobalSection(NestedProjects) = preSolution
		{70B25DCA-5584-49F7-BBD6-7ACE2FE76A93} = {5055AF87-1D1F-4C0F-9379-E9099246B009}
	EndGlobalSection
EndGlobal
