
Microsoft Visual Studio Solution File, Format Version 12.00
# Visual Studio 14
VisualStudioVersion = 14.0.25420.1
MinimumVisualStudioVersion = 10.0.40219.1
Project("{2150E333-8FDC-42A3-9474-1A3956D46DE8}") = "src", "src", "{5055AF87-1D1F-4C0F-9379-E9099246B009}"
EndProject
Project("{2150E333-8FDC-42A3-9474-1A3956D46DE8}") = "Solution Items", "Solution Items", "{E06DB61D-52A4-4DB4-B2EC-CA2D3FE6A18D}"
	ProjectSection(SolutionItems) = preProject
		appveyor.yml = appveyor.yml
		build.ps1 = build.ps1
		global.json = global.json
	EndProjectSection
EndProject
Project("{8BB2217D-0F2D-49D1-97BC-3654ED321F3B}") = "Lax.Caching.Memory.Namespaced", "src\Lax.Caching.Memory.Namespaced\Lax.Caching.Memory.Namespaced.xproj", "{810D6953-E669-46A5-8EBC-35269C9C59E5}"
EndProject
Project("{8BB2217D-0F2D-49D1-97BC-3654ED321F3B}") = "Lax.Caching.Memory.Typed", "src\Lax.Caching.Memory.Typed\Lax.Caching.Memory.Typed.xproj", "{2ADF6983-33AB-4677-8BA0-671CAECBEEA9}"
EndProject
Project("{8BB2217D-0F2D-49D1-97BC-3654ED321F3B}") = "Lax.Data", "src\Lax.Data\Lax.Data.xproj", "{8E6F73BD-6210-4897-96FA-541DB5517EE3}"
EndProject
Project("{8BB2217D-0F2D-49D1-97BC-3654ED321F3B}") = "Lax.Data.EntityFramework", "src\Lax.Data.EntityFramework\Lax.Data.EntityFramework.xproj", "{13EF4BFF-692C-4C94-925A-332F424E408F}"
EndProject
Project("{8BB2217D-0F2D-49D1-97BC-3654ED321F3B}") = "Lax.DirectoryServices", "src\Lax.DirectoryServices\Lax.DirectoryServices.xproj", "{BFBCE715-A4B2-46BE-98AF-B64EAF54A35E}"
EndProject
Project("{8BB2217D-0F2D-49D1-97BC-3654ED321F3B}") = "Lax.Helpers.Booleans", "src\Lax.Helpers.Booleans\Lax.Helpers.Booleans.xproj", "{2493D676-5336-4EF1-8ADB-513F74C9F45E}"
EndProject
Project("{8BB2217D-0F2D-49D1-97BC-3654ED321F3B}") = "Lax.Helpers.EffectiveDateEntity", "src\Lax.Helpers.EffectiveDateEntity\Lax.Helpers.EffectiveDateEntity.xproj", "{6883D90D-10D7-4F93-ADB3-34AFDD68BF8D}"
EndProject
Project("{8BB2217D-0F2D-49D1-97BC-3654ED321F3B}") = "Lax.Helpers.SoftlyDeletableEntity", "src\Lax.Helpers.SoftlyDeletableEntity\Lax.Helpers.SoftlyDeletableEntity.xproj", "{BBE32286-164A-4037-A744-F5A1A53F47BF}"
EndProject
Project("{8BB2217D-0F2D-49D1-97BC-3654ED321F3B}") = "Lax.Helpers.TimePeriods", "src\Lax.Helpers.TimePeriods\Lax.Helpers.TimePeriods.xproj", "{58C6F2ED-C2F4-470A-B3F6-784476DC15DB}"
EndProject
Project("{8BB2217D-0F2D-49D1-97BC-3654ED321F3B}") = "Lax.Helpers.EntityTypeConfigurations", "src\Lax.Helpers.EntityTypeConfigurations\Lax.Helpers.EntityTypeConfigurations.xproj", "{4A8154A8-4B4E-4653-8474-A1ABACB842A8}"
EndProject
Project("{8BB2217D-0F2D-49D1-97BC-3654ED321F3B}") = "Lax.Helpers.EnumerationMapping", "src\Lax.Helpers.EnumerationMapping\Lax.Helpers.EnumerationMapping.xproj", "{8B0249FB-E9CC-4024-95D9-7A64AA400ACB}"
EndProject
Project("{8BB2217D-0F2D-49D1-97BC-3654ED321F3B}") = "Lax.Helpers.Reflection.Enumerations", "src\Lax.Helpers.Reflection.Enumerations\Lax.Helpers.Reflection.Enumerations.xproj", "{3198FC7D-D2B5-4EF7-B084-CC23D3E7BE81}"
EndProject
Project("{8BB2217D-0F2D-49D1-97BC-3654ED321F3B}") = "Lax.Helpers.Serialization.ByteArrays", "src\Lax.Helpers.Serialization.ByteArrays\Lax.Helpers.Serialization.ByteArrays.xproj", "{A1ADF31C-48DD-4EFE-A8F1-856CE33377D8}"
EndProject
Project("{8BB2217D-0F2D-49D1-97BC-3654ED321F3B}") = "Lax.Helpers.Serialization.Xml", "src\Lax.Helpers.Serialization.Xml\Lax.Helpers.Serialization.Xml.xproj", "{DE3A6F1B-D6FD-4846-911B-4A0BA2B2F72D}"
EndProject
Project("{8BB2217D-0F2D-49D1-97BC-3654ED321F3B}") = "Lax.Helpers.StringComparison", "src\Lax.Helpers.StringComparison\Lax.Helpers.StringComparison.xproj", "{CAB236F5-0CFD-463B-A9C7-A3894B2EC939}"
EndProject
Project("{8BB2217D-0F2D-49D1-97BC-3654ED321F3B}") = "Lax.Helpers.StringManipulation", "src\Lax.Helpers.StringManipulation\Lax.Helpers.StringManipulation.xproj", "{6DDFF2C8-B768-4D41-8E07-1C2337831DAF}"
EndProject
Project("{8BB2217D-0F2D-49D1-97BC-3654ED321F3B}") = "Lax.Mvc.AdminLte", "src\Lax.Mvc.AdminLte\Lax.Mvc.AdminLte.xproj", "{FAAD564A-804F-4DF9-BAD8-FF8846732173}"
EndProject
Project("{8BB2217D-0F2D-49D1-97BC-3654ED321F3B}") = "Lax.Mvc.Bootstrap", "src\Lax.Mvc.Bootstrap\Lax.Mvc.Bootstrap.xproj", "{C270B504-3657-47DC-9FD0-1A7FEDE4E64C}"
EndProject
Project("{8BB2217D-0F2D-49D1-97BC-3654ED321F3B}") = "Lax.Mvc.DataTables", "src\Lax.Mvc.DataTables\Lax.Mvc.DataTables.xproj", "{85382DA7-DCD0-460B-87E6-724F9B0BD1C4}"
EndProject
Project("{8BB2217D-0F2D-49D1-97BC-3654ED321F3B}") = "Lax.Security.Authentication", "src\Lax.Security.Authentication\Lax.Security.Authentication.xproj", "{ED558830-CC78-43C3-8360-2DBE04D7DE1E}"
EndProject
Project("{8BB2217D-0F2D-49D1-97BC-3654ED321F3B}") = "Lax.Security.Authentication.CustomWindows", "src\Lax.Security.Authentication.CustomWindows\Lax.Security.Authentication.CustomWindows.xproj", "{9236E5FF-6386-4342-B415-F55EE634645F}"
EndProject
Project("{8BB2217D-0F2D-49D1-97BC-3654ED321F3B}") = "Lax.Security.Claims", "src\Lax.Security.Claims\Lax.Security.Claims.xproj", "{92056324-7652-4959-B170-609825CA265B}"
EndProject
Project("{8BB2217D-0F2D-49D1-97BC-3654ED321F3B}") = "Lax.Security.Authentication.CustomWindows.Ldap", "src\Lax.Security.Authentication.CustomWindows.Ldap\Lax.Security.Authentication.CustomWindows.Ldap.xproj", "{9A42121B-7CEC-4457-AD27-E33149564819}"
EndProject
Project("{8BB2217D-0F2D-49D1-97BC-3654ED321F3B}") = "Lax.Security.Claims.Ldap", "src\Lax.Security.Claims.Ldap\Lax.Security.Claims.Ldap.xproj", "{2DBBFEE7-07EE-463B-962B-957F19262601}"
EndProject
Project("{8BB2217D-0F2D-49D1-97BC-3654ED321F3B}") = "Lax.TypeMapper", "src\Lax.TypeMapper\Lax.TypeMapper.xproj", "{E41AFFF9-0C37-45FA-919D-75EFDE53C969}"
EndProject
Project("{8BB2217D-0F2D-49D1-97BC-3654ED321F3B}") = "Lax.TypeMapper.AutoMapper", "src\Lax.TypeMapper.AutoMapper\Lax.TypeMapper.AutoMapper.xproj", "{8C945FEA-EA37-49FC-8DBF-12E79BA5DC1B}"
EndProject
Project("{8BB2217D-0F2D-49D1-97BC-3654ED321F3B}") = "LaxCommon", "src\LaxCommon\LaxCommon.xproj", "{00EAEE4B-373C-4588-91BC-D8F6D258A3AA}"
EndProject
Global
	GlobalSection(SolutionConfigurationPlatforms) = preSolution
		Debug|Any CPU = Debug|Any CPU
		Release|Any CPU = Release|Any CPU
	EndGlobalSection
	GlobalSection(ProjectConfigurationPlatforms) = postSolution
		{810D6953-E669-46A5-8EBC-35269C9C59E5}.Debug|Any CPU.ActiveCfg = Debug|Any CPU
		{810D6953-E669-46A5-8EBC-35269C9C59E5}.Debug|Any CPU.Build.0 = Debug|Any CPU
		{810D6953-E669-46A5-8EBC-35269C9C59E5}.Release|Any CPU.ActiveCfg = Release|Any CPU
		{810D6953-E669-46A5-8EBC-35269C9C59E5}.Release|Any CPU.Build.0 = Release|Any CPU
		{2ADF6983-33AB-4677-8BA0-671CAECBEEA9}.Debug|Any CPU.ActiveCfg = Debug|Any CPU
		{2ADF6983-33AB-4677-8BA0-671CAECBEEA9}.Debug|Any CPU.Build.0 = Debug|Any CPU
		{2ADF6983-33AB-4677-8BA0-671CAECBEEA9}.Release|Any CPU.ActiveCfg = Release|Any CPU
		{2ADF6983-33AB-4677-8BA0-671CAECBEEA9}.Release|Any CPU.Build.0 = Release|Any CPU
		{8E6F73BD-6210-4897-96FA-541DB5517EE3}.Debug|Any CPU.ActiveCfg = Debug|Any CPU
		{8E6F73BD-6210-4897-96FA-541DB5517EE3}.Debug|Any CPU.Build.0 = Debug|Any CPU
		{8E6F73BD-6210-4897-96FA-541DB5517EE3}.Release|Any CPU.ActiveCfg = Release|Any CPU
		{8E6F73BD-6210-4897-96FA-541DB5517EE3}.Release|Any CPU.Build.0 = Release|Any CPU
		{13EF4BFF-692C-4C94-925A-332F424E408F}.Debug|Any CPU.ActiveCfg = Debug|Any CPU
		{13EF4BFF-692C-4C94-925A-332F424E408F}.Debug|Any CPU.Build.0 = Debug|Any CPU
		{13EF4BFF-692C-4C94-925A-332F424E408F}.Release|Any CPU.ActiveCfg = Release|Any CPU
		{13EF4BFF-692C-4C94-925A-332F424E408F}.Release|Any CPU.Build.0 = Release|Any CPU
		{BFBCE715-A4B2-46BE-98AF-B64EAF54A35E}.Debug|Any CPU.ActiveCfg = Debug|Any CPU
		{BFBCE715-A4B2-46BE-98AF-B64EAF54A35E}.Debug|Any CPU.Build.0 = Debug|Any CPU
		{BFBCE715-A4B2-46BE-98AF-B64EAF54A35E}.Release|Any CPU.ActiveCfg = Release|Any CPU
		{BFBCE715-A4B2-46BE-98AF-B64EAF54A35E}.Release|Any CPU.Build.0 = Release|Any CPU
		{2493D676-5336-4EF1-8ADB-513F74C9F45E}.Debug|Any CPU.ActiveCfg = Debug|Any CPU
		{2493D676-5336-4EF1-8ADB-513F74C9F45E}.Debug|Any CPU.Build.0 = Debug|Any CPU
		{2493D676-5336-4EF1-8ADB-513F74C9F45E}.Release|Any CPU.ActiveCfg = Release|Any CPU
		{2493D676-5336-4EF1-8ADB-513F74C9F45E}.Release|Any CPU.Build.0 = Release|Any CPU
		{6883D90D-10D7-4F93-ADB3-34AFDD68BF8D}.Debug|Any CPU.ActiveCfg = Debug|Any CPU
		{6883D90D-10D7-4F93-ADB3-34AFDD68BF8D}.Debug|Any CPU.Build.0 = Debug|Any CPU
		{6883D90D-10D7-4F93-ADB3-34AFDD68BF8D}.Release|Any CPU.ActiveCfg = Release|Any CPU
		{6883D90D-10D7-4F93-ADB3-34AFDD68BF8D}.Release|Any CPU.Build.0 = Release|Any CPU
		{BBE32286-164A-4037-A744-F5A1A53F47BF}.Debug|Any CPU.ActiveCfg = Debug|Any CPU
		{BBE32286-164A-4037-A744-F5A1A53F47BF}.Debug|Any CPU.Build.0 = Debug|Any CPU
		{BBE32286-164A-4037-A744-F5A1A53F47BF}.Release|Any CPU.ActiveCfg = Release|Any CPU
		{BBE32286-164A-4037-A744-F5A1A53F47BF}.Release|Any CPU.Build.0 = Release|Any CPU
		{58C6F2ED-C2F4-470A-B3F6-784476DC15DB}.Debug|Any CPU.ActiveCfg = Debug|Any CPU
		{58C6F2ED-C2F4-470A-B3F6-784476DC15DB}.Debug|Any CPU.Build.0 = Debug|Any CPU
		{58C6F2ED-C2F4-470A-B3F6-784476DC15DB}.Release|Any CPU.ActiveCfg = Release|Any CPU
		{58C6F2ED-C2F4-470A-B3F6-784476DC15DB}.Release|Any CPU.Build.0 = Release|Any CPU
		{4A8154A8-4B4E-4653-8474-A1ABACB842A8}.Debug|Any CPU.ActiveCfg = Debug|Any CPU
		{4A8154A8-4B4E-4653-8474-A1ABACB842A8}.Debug|Any CPU.Build.0 = Debug|Any CPU
		{4A8154A8-4B4E-4653-8474-A1ABACB842A8}.Release|Any CPU.ActiveCfg = Release|Any CPU
		{4A8154A8-4B4E-4653-8474-A1ABACB842A8}.Release|Any CPU.Build.0 = Release|Any CPU
		{8B0249FB-E9CC-4024-95D9-7A64AA400ACB}.Debug|Any CPU.ActiveCfg = Debug|Any CPU
		{8B0249FB-E9CC-4024-95D9-7A64AA400ACB}.Debug|Any CPU.Build.0 = Debug|Any CPU
		{8B0249FB-E9CC-4024-95D9-7A64AA400ACB}.Release|Any CPU.ActiveCfg = Release|Any CPU
		{8B0249FB-E9CC-4024-95D9-7A64AA400ACB}.Release|Any CPU.Build.0 = Release|Any CPU
		{3198FC7D-D2B5-4EF7-B084-CC23D3E7BE81}.Debug|Any CPU.ActiveCfg = Debug|Any CPU
		{3198FC7D-D2B5-4EF7-B084-CC23D3E7BE81}.Debug|Any CPU.Build.0 = Debug|Any CPU
		{3198FC7D-D2B5-4EF7-B084-CC23D3E7BE81}.Release|Any CPU.ActiveCfg = Release|Any CPU
		{3198FC7D-D2B5-4EF7-B084-CC23D3E7BE81}.Release|Any CPU.Build.0 = Release|Any CPU
		{A1ADF31C-48DD-4EFE-A8F1-856CE33377D8}.Debug|Any CPU.ActiveCfg = Debug|Any CPU
		{A1ADF31C-48DD-4EFE-A8F1-856CE33377D8}.Debug|Any CPU.Build.0 = Debug|Any CPU
		{A1ADF31C-48DD-4EFE-A8F1-856CE33377D8}.Release|Any CPU.ActiveCfg = Release|Any CPU
		{A1ADF31C-48DD-4EFE-A8F1-856CE33377D8}.Release|Any CPU.Build.0 = Release|Any CPU
		{DE3A6F1B-D6FD-4846-911B-4A0BA2B2F72D}.Debug|Any CPU.ActiveCfg = Debug|Any CPU
		{DE3A6F1B-D6FD-4846-911B-4A0BA2B2F72D}.Debug|Any CPU.Build.0 = Debug|Any CPU
		{DE3A6F1B-D6FD-4846-911B-4A0BA2B2F72D}.Release|Any CPU.ActiveCfg = Release|Any CPU
		{DE3A6F1B-D6FD-4846-911B-4A0BA2B2F72D}.Release|Any CPU.Build.0 = Release|Any CPU
		{CAB236F5-0CFD-463B-A9C7-A3894B2EC939}.Debug|Any CPU.ActiveCfg = Debug|Any CPU
		{CAB236F5-0CFD-463B-A9C7-A3894B2EC939}.Debug|Any CPU.Build.0 = Debug|Any CPU
		{CAB236F5-0CFD-463B-A9C7-A3894B2EC939}.Release|Any CPU.ActiveCfg = Release|Any CPU
		{CAB236F5-0CFD-463B-A9C7-A3894B2EC939}.Release|Any CPU.Build.0 = Release|Any CPU
		{6DDFF2C8-B768-4D41-8E07-1C2337831DAF}.Debug|Any CPU.ActiveCfg = Debug|Any CPU
		{6DDFF2C8-B768-4D41-8E07-1C2337831DAF}.Debug|Any CPU.Build.0 = Debug|Any CPU
		{6DDFF2C8-B768-4D41-8E07-1C2337831DAF}.Release|Any CPU.ActiveCfg = Release|Any CPU
		{6DDFF2C8-B768-4D41-8E07-1C2337831DAF}.Release|Any CPU.Build.0 = Release|Any CPU
		{FAAD564A-804F-4DF9-BAD8-FF8846732173}.Debug|Any CPU.ActiveCfg = Debug|Any CPU
		{FAAD564A-804F-4DF9-BAD8-FF8846732173}.Debug|Any CPU.Build.0 = Debug|Any CPU
		{FAAD564A-804F-4DF9-BAD8-FF8846732173}.Release|Any CPU.ActiveCfg = Release|Any CPU
		{FAAD564A-804F-4DF9-BAD8-FF8846732173}.Release|Any CPU.Build.0 = Release|Any CPU
		{C270B504-3657-47DC-9FD0-1A7FEDE4E64C}.Debug|Any CPU.ActiveCfg = Debug|Any CPU
		{C270B504-3657-47DC-9FD0-1A7FEDE4E64C}.Debug|Any CPU.Build.0 = Debug|Any CPU
		{C270B504-3657-47DC-9FD0-1A7FEDE4E64C}.Release|Any CPU.ActiveCfg = Release|Any CPU
		{C270B504-3657-47DC-9FD0-1A7FEDE4E64C}.Release|Any CPU.Build.0 = Release|Any CPU
		{85382DA7-DCD0-460B-87E6-724F9B0BD1C4}.Debug|Any CPU.ActiveCfg = Debug|Any CPU
		{85382DA7-DCD0-460B-87E6-724F9B0BD1C4}.Debug|Any CPU.Build.0 = Debug|Any CPU
		{85382DA7-DCD0-460B-87E6-724F9B0BD1C4}.Release|Any CPU.ActiveCfg = Release|Any CPU
		{85382DA7-DCD0-460B-87E6-724F9B0BD1C4}.Release|Any CPU.Build.0 = Release|Any CPU
		{ED558830-CC78-43C3-8360-2DBE04D7DE1E}.Debug|Any CPU.ActiveCfg = Debug|Any CPU
		{ED558830-CC78-43C3-8360-2DBE04D7DE1E}.Debug|Any CPU.Build.0 = Debug|Any CPU
		{ED558830-CC78-43C3-8360-2DBE04D7DE1E}.Release|Any CPU.ActiveCfg = Release|Any CPU
		{ED558830-CC78-43C3-8360-2DBE04D7DE1E}.Release|Any CPU.Build.0 = Release|Any CPU
		{9236E5FF-6386-4342-B415-F55EE634645F}.Debug|Any CPU.ActiveCfg = Debug|Any CPU
		{9236E5FF-6386-4342-B415-F55EE634645F}.Debug|Any CPU.Build.0 = Debug|Any CPU
		{9236E5FF-6386-4342-B415-F55EE634645F}.Release|Any CPU.ActiveCfg = Release|Any CPU
		{9236E5FF-6386-4342-B415-F55EE634645F}.Release|Any CPU.Build.0 = Release|Any CPU
		{92056324-7652-4959-B170-609825CA265B}.Debug|Any CPU.ActiveCfg = Debug|Any CPU
		{92056324-7652-4959-B170-609825CA265B}.Debug|Any CPU.Build.0 = Debug|Any CPU
		{92056324-7652-4959-B170-609825CA265B}.Release|Any CPU.ActiveCfg = Release|Any CPU
		{92056324-7652-4959-B170-609825CA265B}.Release|Any CPU.Build.0 = Release|Any CPU
		{9A42121B-7CEC-4457-AD27-E33149564819}.Debug|Any CPU.ActiveCfg = Debug|Any CPU
		{9A42121B-7CEC-4457-AD27-E33149564819}.Debug|Any CPU.Build.0 = Debug|Any CPU
		{9A42121B-7CEC-4457-AD27-E33149564819}.Release|Any CPU.ActiveCfg = Release|Any CPU
		{9A42121B-7CEC-4457-AD27-E33149564819}.Release|Any CPU.Build.0 = Release|Any CPU
		{2DBBFEE7-07EE-463B-962B-957F19262601}.Debug|Any CPU.ActiveCfg = Debug|Any CPU
		{2DBBFEE7-07EE-463B-962B-957F19262601}.Debug|Any CPU.Build.0 = Debug|Any CPU
		{2DBBFEE7-07EE-463B-962B-957F19262601}.Release|Any CPU.ActiveCfg = Release|Any CPU
		{2DBBFEE7-07EE-463B-962B-957F19262601}.Release|Any CPU.Build.0 = Release|Any CPU
		{E41AFFF9-0C37-45FA-919D-75EFDE53C969}.Debug|Any CPU.ActiveCfg = Debug|Any CPU
		{E41AFFF9-0C37-45FA-919D-75EFDE53C969}.Debug|Any CPU.Build.0 = Debug|Any CPU
		{E41AFFF9-0C37-45FA-919D-75EFDE53C969}.Release|Any CPU.ActiveCfg = Release|Any CPU
		{E41AFFF9-0C37-45FA-919D-75EFDE53C969}.Release|Any CPU.Build.0 = Release|Any CPU
		{8C945FEA-EA37-49FC-8DBF-12E79BA5DC1B}.Debug|Any CPU.ActiveCfg = Debug|Any CPU
		{8C945FEA-EA37-49FC-8DBF-12E79BA5DC1B}.Debug|Any CPU.Build.0 = Debug|Any CPU
		{8C945FEA-EA37-49FC-8DBF-12E79BA5DC1B}.Release|Any CPU.ActiveCfg = Release|Any CPU
		{8C945FEA-EA37-49FC-8DBF-12E79BA5DC1B}.Release|Any CPU.Build.0 = Release|Any CPU
		{00EAEE4B-373C-4588-91BC-D8F6D258A3AA}.Debug|Any CPU.ActiveCfg = Debug|Any CPU
		{00EAEE4B-373C-4588-91BC-D8F6D258A3AA}.Debug|Any CPU.Build.0 = Debug|Any CPU
		{00EAEE4B-373C-4588-91BC-D8F6D258A3AA}.Release|Any CPU.ActiveCfg = Release|Any CPU
		{00EAEE4B-373C-4588-91BC-D8F6D258A3AA}.Release|Any CPU.Build.0 = Release|Any CPU
	EndGlobalSection
	GlobalSection(SolutionProperties) = preSolution
		HideSolutionNode = FALSE
	EndGlobalSection
	GlobalSection(NestedProjects) = preSolution
		{810D6953-E669-46A5-8EBC-35269C9C59E5} = {5055AF87-1D1F-4C0F-9379-E9099246B009}
		{2ADF6983-33AB-4677-8BA0-671CAECBEEA9} = {5055AF87-1D1F-4C0F-9379-E9099246B009}
		{8E6F73BD-6210-4897-96FA-541DB5517EE3} = {5055AF87-1D1F-4C0F-9379-E9099246B009}
		{13EF4BFF-692C-4C94-925A-332F424E408F} = {5055AF87-1D1F-4C0F-9379-E9099246B009}
		{BFBCE715-A4B2-46BE-98AF-B64EAF54A35E} = {5055AF87-1D1F-4C0F-9379-E9099246B009}
		{2493D676-5336-4EF1-8ADB-513F74C9F45E} = {5055AF87-1D1F-4C0F-9379-E9099246B009}
		{6883D90D-10D7-4F93-ADB3-34AFDD68BF8D} = {5055AF87-1D1F-4C0F-9379-E9099246B009}
		{BBE32286-164A-4037-A744-F5A1A53F47BF} = {5055AF87-1D1F-4C0F-9379-E9099246B009}
		{58C6F2ED-C2F4-470A-B3F6-784476DC15DB} = {5055AF87-1D1F-4C0F-9379-E9099246B009}
		{4A8154A8-4B4E-4653-8474-A1ABACB842A8} = {5055AF87-1D1F-4C0F-9379-E9099246B009}
		{8B0249FB-E9CC-4024-95D9-7A64AA400ACB} = {5055AF87-1D1F-4C0F-9379-E9099246B009}
		{3198FC7D-D2B5-4EF7-B084-CC23D3E7BE81} = {5055AF87-1D1F-4C0F-9379-E9099246B009}
		{A1ADF31C-48DD-4EFE-A8F1-856CE33377D8} = {5055AF87-1D1F-4C0F-9379-E9099246B009}
		{DE3A6F1B-D6FD-4846-911B-4A0BA2B2F72D} = {5055AF87-1D1F-4C0F-9379-E9099246B009}
		{CAB236F5-0CFD-463B-A9C7-A3894B2EC939} = {5055AF87-1D1F-4C0F-9379-E9099246B009}
		{6DDFF2C8-B768-4D41-8E07-1C2337831DAF} = {5055AF87-1D1F-4C0F-9379-E9099246B009}
		{FAAD564A-804F-4DF9-BAD8-FF8846732173} = {5055AF87-1D1F-4C0F-9379-E9099246B009}
		{C270B504-3657-47DC-9FD0-1A7FEDE4E64C} = {5055AF87-1D1F-4C0F-9379-E9099246B009}
		{85382DA7-DCD0-460B-87E6-724F9B0BD1C4} = {5055AF87-1D1F-4C0F-9379-E9099246B009}
		{ED558830-CC78-43C3-8360-2DBE04D7DE1E} = {5055AF87-1D1F-4C0F-9379-E9099246B009}
		{9236E5FF-6386-4342-B415-F55EE634645F} = {5055AF87-1D1F-4C0F-9379-E9099246B009}
		{92056324-7652-4959-B170-609825CA265B} = {5055AF87-1D1F-4C0F-9379-E9099246B009}
		{9A42121B-7CEC-4457-AD27-E33149564819} = {5055AF87-1D1F-4C0F-9379-E9099246B009}
		{2DBBFEE7-07EE-463B-962B-957F19262601} = {5055AF87-1D1F-4C0F-9379-E9099246B009}
		{E41AFFF9-0C37-45FA-919D-75EFDE53C969} = {5055AF87-1D1F-4C0F-9379-E9099246B009}
		{8C945FEA-EA37-49FC-8DBF-12E79BA5DC1B} = {5055AF87-1D1F-4C0F-9379-E9099246B009}
		{00EAEE4B-373C-4588-91BC-D8F6D258A3AA} = {5055AF87-1D1F-4C0F-9379-E9099246B009}
	EndGlobalSection
EndGlobal
